// !$*UTF8*$!
{
	archiveVersion = 1;
	classes = {
	};
	objectVersion = 50;
	objects = {

/* Begin PBXBuildFile section */
		CF6DD093210656E600B3D83B /* AppDelegate.swift in Sources */ = {isa = PBXBuildFile; fileRef = CF6DD092210656E600B3D83B /* AppDelegate.swift */; };
		CF6DD095210656E600B3D83B /* LoginVC.swift in Sources */ = {isa = PBXBuildFile; fileRef = CF6DD094210656E600B3D83B /* LoginVC.swift */; };
		CF6DD098210656E600B3D83B /* Main.storyboard in Resources */ = {isa = PBXBuildFile; fileRef = CF6DD096210656E600B3D83B /* Main.storyboard */; };
		CF6DD09B210656E600B3D83B /* Passenger.xcdatamodeld in Sources */ = {isa = PBXBuildFile; fileRef = CF6DD099210656E600B3D83B /* Passenger.xcdatamodeld */; };
		CF6DD09D210656E700B3D83B /* Assets.xcassets in Resources */ = {isa = PBXBuildFile; fileRef = CF6DD09C210656E700B3D83B /* Assets.xcassets */; };
		CF6DD0A0210656E700B3D83B /* LaunchScreen.storyboard in Resources */ = {isa = PBXBuildFile; fileRef = CF6DD09E210656E700B3D83B /* LaunchScreen.storyboard */; };
		CF6DD0A82106637300B3D83B /* RegisterVC.swift in Sources */ = {isa = PBXBuildFile; fileRef = CF6DD0A72106637300B3D83B /* RegisterVC.swift */; };
		CF6DD0AA2106664F00B3D83B /* HomeVC.swift in Sources */ = {isa = PBXBuildFile; fileRef = CF6DD0A92106664F00B3D83B /* HomeVC.swift */; };
		CF6DD0AC210676DA00B3D83B /* DriveNoneVC.swift in Sources */ = {isa = PBXBuildFile; fileRef = CF6DD0AB210676DA00B3D83B /* DriveNoneVC.swift */; };
		CF6DD0AE2106799900B3D83B /* DriveQueueVC.swift in Sources */ = {isa = PBXBuildFile; fileRef = CF6DD0AD2106799900B3D83B /* DriveQueueVC.swift */; };
		CF6DD0B021067D6800B3D83B /* PickupMapVC.swift in Sources */ = {isa = PBXBuildFile; fileRef = CF6DD0AF21067D6800B3D83B /* PickupMapVC.swift */; };
		CF6DD0B221067E3700B3D83B /* DriveQueueCell.swift in Sources */ = {isa = PBXBuildFile; fileRef = CF6DD0B121067E3700B3D83B /* DriveQueueCell.swift */; };
		CF6DD0B42106816700B3D83B /* OrganizationCell.swift in Sources */ = {isa = PBXBuildFile; fileRef = CF6DD0B32106816700B3D83B /* OrganizationCell.swift */; };
		CF6DD0B62106850300B3D83B /* OrganizationVC.swift in Sources */ = {isa = PBXBuildFile; fileRef = CF6DD0B52106850300B3D83B /* OrganizationVC.swift */; };
		CF6DD0B8210685C300B3D83B /* DriverCell.swift in Sources */ = {isa = PBXBuildFile; fileRef = CF6DD0B7210685C300B3D83B /* DriverCell.swift */; };
		CF6DD0BA2106892E00B3D83B /* ClientQueueVC.swift in Sources */ = {isa = PBXBuildFile; fileRef = CF6DD0B92106892E00B3D83B /* ClientQueueVC.swift */; };
		CF6DD0BC2106971800B3D83B /* AdminMainVC.swift in Sources */ = {isa = PBXBuildFile; fileRef = CF6DD0BB2106971800B3D83B /* AdminMainVC.swift */; };
		CF6DD0BE210697A600B3D83B /* AdminOrgCell.swift in Sources */ = {isa = PBXBuildFile; fileRef = CF6DD0BD210697A600B3D83B /* AdminOrgCell.swift */; };
		CF6DD0C021069DA800B3D83B /* AddOrgVC.swift in Sources */ = {isa = PBXBuildFile; fileRef = CF6DD0BF21069DA800B3D83B /* AddOrgVC.swift */; };
		CF6DD0C22106A0DC00B3D83B /* AdminWaitVC.swift in Sources */ = {isa = PBXBuildFile; fileRef = CF6DD0C12106A0DC00B3D83B /* AdminWaitVC.swift */; };
		CF6DD0C42106A88500B3D83B /* AdminDriversVC.swift in Sources */ = {isa = PBXBuildFile; fileRef = CF6DD0C32106A88500B3D83B /* AdminDriversVC.swift */; };
		CF6DD0C62106A8B000B3D83B /* AdminDriverCell.swift in Sources */ = {isa = PBXBuildFile; fileRef = CF6DD0C52106A8B000B3D83B /* AdminDriverCell.swift */; };
/* End PBXBuildFile section */

/* Begin PBXFileReference section */
		CF6DD08F210656E600B3D83B /* Passenger.app */ = {isa = PBXFileReference; explicitFileType = wrapper.application; includeInIndex = 0; path = Passenger.app; sourceTree = BUILT_PRODUCTS_DIR; };
		CF6DD092210656E600B3D83B /* AppDelegate.swift */ = {isa = PBXFileReference; lastKnownFileType = sourcecode.swift; path = AppDelegate.swift; sourceTree = "<group>"; };
		CF6DD094210656E600B3D83B /* LoginVC.swift */ = {isa = PBXFileReference; lastKnownFileType = sourcecode.swift; path = LoginVC.swift; sourceTree = "<group>"; };
		CF6DD097210656E600B3D83B /* Base */ = {isa = PBXFileReference; lastKnownFileType = file.storyboard; name = Base; path = Base.lproj/Main.storyboard; sourceTree = "<group>"; };
		CF6DD09A210656E600B3D83B /* Passenger.xcdatamodel */ = {isa = PBXFileReference; lastKnownFileType = wrapper.xcdatamodel; path = Passenger.xcdatamodel; sourceTree = "<group>"; };
		CF6DD09C210656E700B3D83B /* Assets.xcassets */ = {isa = PBXFileReference; lastKnownFileType = folder.assetcatalog; path = Assets.xcassets; sourceTree = "<group>"; };
		CF6DD09F210656E700B3D83B /* Base */ = {isa = PBXFileReference; lastKnownFileType = file.storyboard; name = Base; path = Base.lproj/LaunchScreen.storyboard; sourceTree = "<group>"; };
		CF6DD0A1210656E700B3D83B /* Info.plist */ = {isa = PBXFileReference; lastKnownFileType = text.plist.xml; path = Info.plist; sourceTree = "<group>"; };
		CF6DD0A72106637300B3D83B /* RegisterVC.swift */ = {isa = PBXFileReference; lastKnownFileType = sourcecode.swift; path = RegisterVC.swift; sourceTree = "<group>"; };
		CF6DD0A92106664F00B3D83B /* HomeVC.swift */ = {isa = PBXFileReference; lastKnownFileType = sourcecode.swift; path = HomeVC.swift; sourceTree = "<group>"; };
		CF6DD0AB210676DA00B3D83B /* DriveNoneVC.swift */ = {isa = PBXFileReference; lastKnownFileType = sourcecode.swift; path = DriveNoneVC.swift; sourceTree = "<group>"; };
		CF6DD0AD2106799900B3D83B /* DriveQueueVC.swift */ = {isa = PBXFileReference; lastKnownFileType = sourcecode.swift; path = DriveQueueVC.swift; sourceTree = "<group>"; };
		CF6DD0AF21067D6800B3D83B /* PickupMapVC.swift */ = {isa = PBXFileReference; lastKnownFileType = sourcecode.swift; path = PickupMapVC.swift; sourceTree = "<group>"; };
		CF6DD0B121067E3700B3D83B /* DriveQueueCell.swift */ = {isa = PBXFileReference; lastKnownFileType = sourcecode.swift; path = DriveQueueCell.swift; sourceTree = "<group>"; };
		CF6DD0B32106816700B3D83B /* OrganizationCell.swift */ = {isa = PBXFileReference; lastKnownFileType = sourcecode.swift; path = OrganizationCell.swift; sourceTree = "<group>"; };
		CF6DD0B52106850300B3D83B /* OrganizationVC.swift */ = {isa = PBXFileReference; lastKnownFileType = sourcecode.swift; path = OrganizationVC.swift; sourceTree = "<group>"; };
		CF6DD0B7210685C300B3D83B /* DriverCell.swift */ = {isa = PBXFileReference; lastKnownFileType = sourcecode.swift; path = DriverCell.swift; sourceTree = "<group>"; };
		CF6DD0B92106892E00B3D83B /* ClientQueueVC.swift */ = {isa = PBXFileReference; lastKnownFileType = sourcecode.swift; path = ClientQueueVC.swift; sourceTree = "<group>"; };
		CF6DD0BB2106971800B3D83B /* AdminMainVC.swift */ = {isa = PBXFileReference; lastKnownFileType = sourcecode.swift; path = AdminMainVC.swift; sourceTree = "<group>"; };
		CF6DD0BD210697A600B3D83B /* AdminOrgCell.swift */ = {isa = PBXFileReference; lastKnownFileType = sourcecode.swift; path = AdminOrgCell.swift; sourceTree = "<group>"; };
		CF6DD0BF21069DA800B3D83B /* AddOrgVC.swift */ = {isa = PBXFileReference; lastKnownFileType = sourcecode.swift; path = AddOrgVC.swift; sourceTree = "<group>"; };
		CF6DD0C12106A0DC00B3D83B /* AdminWaitVC.swift */ = {isa = PBXFileReference; lastKnownFileType = sourcecode.swift; path = AdminWaitVC.swift; sourceTree = "<group>"; };
		CF6DD0C32106A88500B3D83B /* AdminDriversVC.swift */ = {isa = PBXFileReference; lastKnownFileType = sourcecode.swift; path = AdminDriversVC.swift; sourceTree = "<group>"; };
		CF6DD0C52106A8B000B3D83B /* AdminDriverCell.swift */ = {isa = PBXFileReference; lastKnownFileType = sourcecode.swift; path = AdminDriverCell.swift; sourceTree = "<group>"; };
/* End PBXFileReference section */

/* Begin PBXFrameworksBuildPhase section */
		CF6DD08C210656E600B3D83B /* Frameworks */ = {
			isa = PBXFrameworksBuildPhase;
			buildActionMask = 2147483647;
			files = (
			);
			runOnlyForDeploymentPostprocessing = 0;
		};
/* End PBXFrameworksBuildPhase section */

/* Begin PBXGroup section */
		CF6DD086210656E600B3D83B = {
			isa = PBXGroup;
			children = (
				CF6DD091210656E600B3D83B /* Passenger */,
				CF6DD090210656E600B3D83B /* Products */,
			);
			sourceTree = "<group>";
		};
		CF6DD090210656E600B3D83B /* Products */ = {
			isa = PBXGroup;
			children = (
				CF6DD08F210656E600B3D83B /* Passenger.app */,
			);
			name = Products;
			sourceTree = "<group>";
		};
		CF6DD091210656E600B3D83B /* Passenger */ = {
			isa = PBXGroup;
			children = (
				CF6DD092210656E600B3D83B /* AppDelegate.swift */,
				CF6DD094210656E600B3D83B /* LoginVC.swift */,
				CF6DD0A72106637300B3D83B /* RegisterVC.swift */,
				CF6DD096210656E600B3D83B /* Main.storyboard */,
				CF6DD0BB2106971800B3D83B /* AdminMainVC.swift */,
				CF6DD0BD210697A600B3D83B /* AdminOrgCell.swift */,
				CF6DD0BF21069DA800B3D83B /* AddOrgVC.swift */,
				CF6DD0C12106A0DC00B3D83B /* AdminWaitVC.swift */,
				CF6DD0C32106A88500B3D83B /* AdminDriversVC.swift */,
				CF6DD0C52106A8B000B3D83B /* AdminDriverCell.swift */,
				CF6DD0B92106892E00B3D83B /* ClientQueueVC.swift */,
				CF6DD0B7210685C300B3D83B /* DriverCell.swift */,
				CF6DD0AB210676DA00B3D83B /* DriveNoneVC.swift */,
				CF6DD0AD2106799900B3D83B /* DriveQueueVC.swift */,
				CF6DD0AF21067D6800B3D83B /* PickupMapVC.swift */,
				CF6DD0B121067E3700B3D83B /* DriveQueueCell.swift */,
				CF6DD0B32106816700B3D83B /* OrganizationCell.swift */,
				CF6DD0B52106850300B3D83B /* OrganizationVC.swift */,
				CF6DD0A92106664F00B3D83B /* HomeVC.swift */,
				CF6DD09C210656E700B3D83B /* Assets.xcassets */,
				CF6DD09E210656E700B3D83B /* LaunchScreen.storyboard */,
				CF6DD0A1210656E700B3D83B /* Info.plist */,
				CF6DD099210656E600B3D83B /* Passenger.xcdatamodeld */,
			);
			path = Passenger;
			sourceTree = "<group>";
		};
/* End PBXGroup section */

/* Begin PBXNativeTarget section */
		CF6DD08E210656E600B3D83B /* Passenger */ = {
			isa = PBXNativeTarget;
			buildConfigurationList = CF6DD0A4210656E700B3D83B /* Build configuration list for PBXNativeTarget "Passenger" */;
			buildPhases = (
				CF6DD08B210656E600B3D83B /* Sources */,
				CF6DD08C210656E600B3D83B /* Frameworks */,
				CF6DD08D210656E600B3D83B /* Resources */,
			);
			buildRules = (
			);
			dependencies = (
			);
			name = Passenger;
			productName = Passenger;
			productReference = CF6DD08F210656E600B3D83B /* Passenger.app */;
			productType = "com.apple.product-type.application";
		};
/* End PBXNativeTarget section */

/* Begin PBXProject section */
		CF6DD087210656E600B3D83B /* Project object */ = {
			isa = PBXProject;
			attributes = {
				LastSwiftUpdateCheck = 0940;
				LastUpgradeCheck = 0940;
				ORGANIZATIONNAME = AshwinMahesh;
				TargetAttributes = {
					CF6DD08E210656E600B3D83B = {
						CreatedOnToolsVersion = 9.4.1;
					};
				};
			};
			buildConfigurationList = CF6DD08A210656E600B3D83B /* Build configuration list for PBXProject "Passenger" */;
			compatibilityVersion = "Xcode 9.3";
			developmentRegion = en;
			hasScannedForEncodings = 0;
			knownRegions = (
				en,
				Base,
			);
			mainGroup = CF6DD086210656E600B3D83B;
			productRefGroup = CF6DD090210656E600B3D83B /* Products */;
			projectDirPath = "";
			projectRoot = "";
			targets = (
				CF6DD08E210656E600B3D83B /* Passenger */,
			);
		};
/* End PBXProject section */

/* Begin PBXResourcesBuildPhase section */
		CF6DD08D210656E600B3D83B /* Resources */ = {
			isa = PBXResourcesBuildPhase;
			buildActionMask = 2147483647;
			files = (
				CF6DD0A0210656E700B3D83B /* LaunchScreen.storyboard in Resources */,
				CF6DD09D210656E700B3D83B /* Assets.xcassets in Resources */,
				CF6DD098210656E600B3D83B /* Main.storyboard in Resources */,
			);
			runOnlyForDeploymentPostprocessing = 0;
		};
/* End PBXResourcesBuildPhase section */

/* Begin PBXSourcesBuildPhase section */
		CF6DD08B210656E600B3D83B /* Sources */ = {
			isa = PBXSourcesBuildPhase;
			buildActionMask = 2147483647;
			files = (
				CF6DD0B42106816700B3D83B /* OrganizationCell.swift in Sources */,
				CF6DD0B221067E3700B3D83B /* DriveQueueCell.swift in Sources */,
				CF6DD0B62106850300B3D83B /* OrganizationVC.swift in Sources */,
				CF6DD0C021069DA800B3D83B /* AddOrgVC.swift in Sources */,
				CF6DD0C62106A8B000B3D83B /* AdminDriverCell.swift in Sources */,
				CF6DD0BA2106892E00B3D83B /* ClientQueueVC.swift in Sources */,
				CF6DD0AE2106799900B3D83B /* DriveQueueVC.swift in Sources */,
				CF6DD0C42106A88500B3D83B /* AdminDriversVC.swift in Sources */,
				CF6DD095210656E600B3D83B /* LoginVC.swift in Sources */,
				CF6DD0AC210676DA00B3D83B /* DriveNoneVC.swift in Sources */,
				CF6DD0BC2106971800B3D83B /* AdminMainVC.swift in Sources */,
				CF6DD0AA2106664F00B3D83B /* HomeVC.swift in Sources */,
				CF6DD0B8210685C300B3D83B /* DriverCell.swift in Sources */,
				CF6DD0A82106637300B3D83B /* RegisterVC.swift in Sources */,
				CF6DD09B210656E600B3D83B /* Passenger.xcdatamodeld in Sources */,
				CF6DD093210656E600B3D83B /* AppDelegate.swift in Sources */,
				CF6DD0BE210697A600B3D83B /* AdminOrgCell.swift in Sources */,
				CF6DD0B021067D6800B3D83B /* PickupMapVC.swift in Sources */,
				CF6DD0C22106A0DC00B3D83B /* AdminWaitVC.swift in Sources */,
			);
			runOnlyForDeploymentPostprocessing = 0;
		};
/* End PBXSourcesBuildPhase section */

/* Begin PBXVariantGroup section */
		CF6DD096210656E600B3D83B /* Main.storyboard */ = {
			isa = PBXVariantGroup;
			children = (
				CF6DD097210656E600B3D83B /* Base */,
			);
			name = Main.storyboard;
			sourceTree = "<group>";
		};
		CF6DD09E210656E700B3D83B /* LaunchScreen.storyboard */ = {
			isa = PBXVariantGroup;
			children = (
				CF6DD09F210656E700B3D83B /* Base */,
			);
			name = LaunchScreen.storyboard;
			sourceTree = "<group>";
		};
/* End PBXVariantGroup section */

/* Begin XCBuildConfiguration section */
		CF6DD0A2210656E700B3D83B /* Debug */ = {
			isa = XCBuildConfiguration;
			buildSettings = {
				ALWAYS_SEARCH_USER_PATHS = NO;
				CLANG_ANALYZER_NONNULL = YES;
				CLANG_ANALYZER_NUMBER_OBJECT_CONVERSION = YES_AGGRESSIVE;
				CLANG_CXX_LANGUAGE_STANDARD = "gnu++14";
				CLANG_CXX_LIBRARY = "libc++";
				CLANG_ENABLE_MODULES = YES;
				CLANG_ENABLE_OBJC_ARC = YES;
				CLANG_ENABLE_OBJC_WEAK = YES;
				CLANG_WARN_BLOCK_CAPTURE_AUTORELEASING = YES;
				CLANG_WARN_BOOL_CONVERSION = YES;
				CLANG_WARN_COMMA = YES;
				CLANG_WARN_CONSTANT_CONVERSION = YES;
				CLANG_WARN_DEPRECATED_OBJC_IMPLEMENTATIONS = YES;
				CLANG_WARN_DIRECT_OBJC_ISA_USAGE = YES_ERROR;
				CLANG_WARN_DOCUMENTATION_COMMENTS = YES;
				CLANG_WARN_EMPTY_BODY = YES;
				CLANG_WARN_ENUM_CONVERSION = YES;
				CLANG_WARN_INFINITE_RECURSION = YES;
				CLANG_WARN_INT_CONVERSION = YES;
				CLANG_WARN_NON_LITERAL_NULL_CONVERSION = YES;
				CLANG_WARN_OBJC_IMPLICIT_RETAIN_SELF = YES;
				CLANG_WARN_OBJC_LITERAL_CONVERSION = YES;
				CLANG_WARN_OBJC_ROOT_CLASS = YES_ERROR;
				CLANG_WARN_RANGE_LOOP_ANALYSIS = YES;
				CLANG_WARN_STRICT_PROTOTYPES = YES;
				CLANG_WARN_SUSPICIOUS_MOVE = YES;
				CLANG_WARN_UNGUARDED_AVAILABILITY = YES_AGGRESSIVE;
				CLANG_WARN_UNREACHABLE_CODE = YES;
				CLANG_WARN__DUPLICATE_METHOD_MATCH = YES;
				CODE_SIGN_IDENTITY = "iPhone Developer";
				COPY_PHASE_STRIP = NO;
				DEBUG_INFORMATION_FORMAT = dwarf;
				ENABLE_STRICT_OBJC_MSGSEND = YES;
				ENABLE_TESTABILITY = YES;
				GCC_C_LANGUAGE_STANDARD = gnu11;
				GCC_DYNAMIC_NO_PIC = NO;
				GCC_NO_COMMON_BLOCKS = YES;
				GCC_OPTIMIZATION_LEVEL = 0;
				GCC_PREPROCESSOR_DEFINITIONS = (
					"DEBUG=1",
					"$(inherited)",
				);
				GCC_WARN_64_TO_32_BIT_CONVERSION = YES;
				GCC_WARN_ABOUT_RETURN_TYPE = YES_ERROR;
				GCC_WARN_UNDECLARED_SELECTOR = YES;
				GCC_WARN_UNINITIALIZED_AUTOS = YES_AGGRESSIVE;
				GCC_WARN_UNUSED_FUNCTION = YES;
				GCC_WARN_UNUSED_VARIABLE = YES;
				IPHONEOS_DEPLOYMENT_TARGET = 11.4;
				MTL_ENABLE_DEBUG_INFO = YES;
				ONLY_ACTIVE_ARCH = YES;
				SDKROOT = iphoneos;
				SWIFT_ACTIVE_COMPILATION_CONDITIONS = DEBUG;
				SWIFT_OPTIMIZATION_LEVEL = "-Onone";
			};
			name = Debug;
		};
		CF6DD0A3210656E700B3D83B /* Release */ = {
			isa = XCBuildConfiguration;
			buildSettings = {
				ALWAYS_SEARCH_USER_PATHS = NO;
				CLANG_ANALYZER_NONNULL = YES;
				CLANG_ANALYZER_NUMBER_OBJECT_CONVERSION = YES_AGGRESSIVE;
				CLANG_CXX_LANGUAGE_STANDARD = "gnu++14";
				CLANG_CXX_LIBRARY = "libc++";
				CLANG_ENABLE_MODULES = YES;
				CLANG_ENABLE_OBJC_ARC = YES;
				CLANG_ENABLE_OBJC_WEAK = YES;
				CLANG_WARN_BLOCK_CAPTURE_AUTORELEASING = YES;
				CLANG_WARN_BOOL_CONVERSION = YES;
				CLANG_WARN_COMMA = YES;
				CLANG_WARN_CONSTANT_CONVERSION = YES;
				CLANG_WARN_DEPRECATED_OBJC_IMPLEMENTATIONS = YES;
				CLANG_WARN_DIRECT_OBJC_ISA_USAGE = YES_ERROR;
				CLANG_WARN_DOCUMENTATION_COMMENTS = YES;
				CLANG_WARN_EMPTY_BODY = YES;
				CLANG_WARN_ENUM_CONVERSION = YES;
				CLANG_WARN_INFINITE_RECURSION = YES;
				CLANG_WARN_INT_CONVERSION = YES;
				CLANG_WARN_NON_LITERAL_NULL_CONVERSION = YES;
				CLANG_WARN_OBJC_IMPLICIT_RETAIN_SELF = YES;
				CLANG_WARN_OBJC_LITERAL_CONVERSION = YES;
				CLANG_WARN_OBJC_ROOT_CLASS = YES_ERROR;
				CLANG_WARN_RANGE_LOOP_ANALYSIS = YES;
				CLANG_WARN_STRICT_PROTOTYPES = YES;
				CLANG_WARN_SUSPICIOUS_MOVE = YES;
				CLANG_WARN_UNGUARDED_AVAILABILITY = YES_AGGRESSIVE;
				CLANG_WARN_UNREACHABLE_CODE = YES;
				CLANG_WARN__DUPLICATE_METHOD_MATCH = YES;
				CODE_SIGN_IDENTITY = "iPhone Developer";
				COPY_PHASE_STRIP = NO;
				DEBUG_INFORMATION_FORMAT = "dwarf-with-dsym";
				ENABLE_NS_ASSERTIONS = NO;
				ENABLE_STRICT_OBJC_MSGSEND = YES;
				GCC_C_LANGUAGE_STANDARD = gnu11;
				GCC_NO_COMMON_BLOCKS = YES;
				GCC_WARN_64_TO_32_BIT_CONVERSION = YES;
				GCC_WARN_ABOUT_RETURN_TYPE = YES_ERROR;
				GCC_WARN_UNDECLARED_SELECTOR = YES;
				GCC_WARN_UNINITIALIZED_AUTOS = YES_AGGRESSIVE;
				GCC_WARN_UNUSED_FUNCTION = YES;
				GCC_WARN_UNUSED_VARIABLE = YES;
				IPHONEOS_DEPLOYMENT_TARGET = 11.4;
				MTL_ENABLE_DEBUG_INFO = NO;
				SDKROOT = iphoneos;
				SWIFT_COMPILATION_MODE = wholemodule;
				SWIFT_OPTIMIZATION_LEVEL = "-O";
				VALIDATE_PRODUCT = YES;
			};
			name = Release;
		};
		CF6DD0A5210656E700B3D83B /* Debug */ = {
			isa = XCBuildConfiguration;
			buildSettings = {
				ASSETCATALOG_COMPILER_APPICON_NAME = AppIcon;
				CODE_SIGN_STYLE = Automatic;
				DEVELOPMENT_TEAM = 9LRKCCKB3Y;
				INFOPLIST_FILE = Passenger/Info.plist;
				LD_RUNPATH_SEARCH_PATHS = (
					"$(inherited)",
					"@executable_path/Frameworks",
				);
				PRODUCT_BUNDLE_IDENTIFIER = com.ashwinmahesh.Passenger;
				PRODUCT_NAME = "$(TARGET_NAME)";
				SWIFT_VERSION = 4.0;
				TARGETED_DEVICE_FAMILY = 1;
			};
			name = Debug;
		};
		CF6DD0A6210656E700B3D83B /* Release */ = {
			isa = XCBuildConfiguration;
			buildSettings = {
				ASSETCATALOG_COMPILER_APPICON_NAME = AppIcon;
				CODE_SIGN_STYLE = Automatic;
				DEVELOPMENT_TEAM = 9LRKCCKB3Y;
				INFOPLIST_FILE = Passenger/Info.plist;
				LD_RUNPATH_SEARCH_PATHS = (
					"$(inherited)",
					"@executable_path/Frameworks",
				);
				PRODUCT_BUNDLE_IDENTIFIER = com.ashwinmahesh.Passenger;
				PRODUCT_NAME = "$(TARGET_NAME)";
				SWIFT_VERSION = 4.0;
				TARGETED_DEVICE_FAMILY = 1;
			};
			name = Release;
		};
/* End XCBuildConfiguration section */

/* Begin XCConfigurationList section */
		CF6DD08A210656E600B3D83B /* Build configuration list for PBXProject "Passenger" */ = {
			isa = XCConfigurationList;
			buildConfigurations = (
				CF6DD0A2210656E700B3D83B /* Debug */,
				CF6DD0A3210656E700B3D83B /* Release */,
			);
			defaultConfigurationIsVisible = 0;
			defaultConfigurationName = Release;
		};
		CF6DD0A4210656E700B3D83B /* Build configuration list for PBXNativeTarget "Passenger" */ = {
			isa = XCConfigurationList;
			buildConfigurations = (
				CF6DD0A5210656E700B3D83B /* Debug */,
				CF6DD0A6210656E700B3D83B /* Release */,
			);
			defaultConfigurationIsVisible = 0;
			defaultConfigurationName = Release;
		};
/* End XCConfigurationList section */

/* Begin XCVersionGroup section */
		CF6DD099210656E600B3D83B /* Passenger.xcdatamodeld */ = {
			isa = XCVersionGroup;
			children = (
				CF6DD09A210656E600B3D83B /* Passenger.xcdatamodel */,
			);
			currentVersion = CF6DD09A210656E600B3D83B /* Passenger.xcdatamodel */;
			path = Passenger.xcdatamodeld;
			sourceTree = "<group>";
			versionGroupType = wrapper.xcdatamodel;
		};
/* End XCVersionGroup section */
	};
	rootObject = CF6DD087210656E600B3D83B /* Project object */;
}
